
Microsoft Visual Studio Solution File, Format Version 12.00
# Visual Studio 2012
Project("{F184B08F-C81C-45F6-A57F-5ABD9991F28F}") = "RegistrationData", "RegistrationDO\RegistrationData.vbproj", "{763F7403-7F97-4EC1-B48B-0603CC64D483}"
EndProject
Project("{F184B08F-C81C-45F6-A57F-5ABD9991F28F}") = "RegistrationBusiness", "RegistrationBO\RegistrationBusiness.vbproj", "{76F7862C-524B-4FB5-87E5-C5CA8CE13643}"
EndProject
Project("{F184B08F-C81C-45F6-A57F-5ABD9991F28F}") = "RegistrationUI", "RegistrationUI\RegistrationUI.vbproj", "{BE977CEF-B026-4943-A5FC-BD2A5D88B58B}"
EndProject
Global
	GlobalSection(SolutionConfigurationPlatforms) = preSolution
		Debug|Any CPU = Debug|Any CPU
		Debug|Mixed Platforms = Debug|Mixed Platforms
		Debug|x86 = Debug|x86
		Release|Any CPU = Release|Any CPU
		Release|Mixed Platforms = Release|Mixed Platforms
		Release|x86 = Release|x86
	EndGlobalSection
	GlobalSection(ProjectConfigurationPlatforms) = postSolution
		{763F7403-7F97-4EC1-B48B-0603CC64D483}.Debug|Any CPU.ActiveCfg = Debug|Any CPU
		{763F7403-7F97-4EC1-B48B-0603CC64D483}.Debug|Any CPU.Build.0 = Debug|Any CPU
		{763F7403-7F97-4EC1-B48B-0603CC64D483}.Debug|Mixed Platforms.ActiveCfg = Debug|Any CPU
		{763F7403-7F97-4EC1-B48B-0603CC64D483}.Debug|Mixed Platforms.Build.0 = Debug|Any CPU
		{763F7403-7F97-4EC1-B48B-0603CC64D483}.Debug|x86.ActiveCfg = Debug|Any CPU
		{763F7403-7F97-4EC1-B48B-0603CC64D483}.Release|Any CPU.ActiveCfg = Release|Any CPU
		{763F7403-7F97-4EC1-B48B-0603CC64D483}.Release|Any CPU.Build.0 = Release|Any CPU
		{763F7403-7F97-4EC1-B48B-0603CC64D483}.Release|Mixed Platforms.ActiveCfg = Release|Any CPU
		{763F7403-7F97-4EC1-B48B-0603CC64D483}.Release|Mixed Platforms.Build.0 = Release|Any CPU
		{763F7403-7F97-4EC1-B48B-0603CC64D483}.Release|x86.ActiveCfg = Release|Any CPU
		{76F7862C-524B-4FB5-87E5-C5CA8CE13643}.Debug|Any CPU.ActiveCfg = Debug|Any CPU
		{76F7862C-524B-4FB5-87E5-C5CA8CE13643}.Debug|Any CPU.Build.0 = Debug|Any CPU
		{76F7862C-524B-4FB5-87E5-C5CA8CE13643}.Debug|Mixed Platforms.ActiveCfg = Debug|Any CPU
		{76F7862C-524B-4FB5-87E5-C5CA8CE13643}.Debug|Mixed Platforms.Build.0 = Debug|Any CPU
		{76F7862C-524B-4FB5-87E5-C5CA8CE13643}.Debug|x86.ActiveCfg = Debug|Any CPU
		{76F7862C-524B-4FB5-87E5-C5CA8CE13643}.Release|Any CPU.ActiveCfg = Release|Any CPU
		{76F7862C-524B-4FB5-87E5-C5CA8CE13643}.Release|Any CPU.Build.0 = Release|Any CPU
		{76F7862C-524B-4FB5-87E5-C5CA8CE13643}.Release|Mixed Platforms.ActiveCfg = Release|Any CPU
		{76F7862C-524B-4FB5-87E5-C5CA8CE13643}.Release|Mixed Platforms.Build.0 = Release|Any CPU
		{76F7862C-524B-4FB5-87E5-C5CA8CE13643}.Release|x86.ActiveCfg = Release|Any CPU
		{BE977CEF-B026-4943-A5FC-BD2A5D88B58B}.Debug|Any CPU.ActiveCfg = Debug|x86
		{BE977CEF-B026-4943-A5FC-BD2A5D88B58B}.Debug|Mixed Platforms.ActiveCfg = Debug|x86
		{BE977CEF-B026-4943-A5FC-BD2A5D88B58B}.Debug|Mixed Platforms.Build.0 = Debug|x86
		{BE977CEF-B026-4943-A5FC-BD2A5D88B58B}.Debug|x86.ActiveCfg = Debug|x86
		{BE977CEF-B026-4943-A5FC-BD2A5D88B58B}.Debug|x86.Build.0 = Debug|x86
		{BE977CEF-B026-4943-A5FC-BD2A5D88B58B}.Release|Any CPU.ActiveCfg = Release|x86
		{BE977CEF-B026-4943-A5FC-BD2A5D88B58B}.Release|Mixed Platforms.ActiveCfg = Release|x86
		{BE977CEF-B026-4943-A5FC-BD2A5D88B58B}.Release|Mixed Platforms.Build.0 = Release|x86
		{BE977CEF-B026-4943-A5FC-BD2A5D88B58B}.Release|x86.ActiveCfg = Release|x86
		{BE977CEF-B026-4943-A5FC-BD2A5D88B58B}.Release|x86.Build.0 = Release|x86
	EndGlobalSection
	GlobalSection(SolutionProperties) = preSolution
		HideSolutionNode = FALSE
	EndGlobalSection
EndGlobal
